// !$*UTF8*$!
{
	archiveVersion = 1;
	classes = {
	};
	objectVersion = 56;
	objects = {

/* Begin PBXBuildFile section */
		3404E8682BFFD0B10037E3E7 /* SelectionList.swift in Sources */ = {isa = PBXBuildFile; fileRef = 3404E8672BFFD0B10037E3E7 /* SelectionList.swift */; };
		3434203B2C331F2A004A5568 /* StaticListView.swift in Sources */ = {isa = PBXBuildFile; fileRef = 3434203A2C331F2A004A5568 /* StaticListView.swift */; };
		3434203D2C331F70004A5568 /* DynamicListView.swift in Sources */ = {isa = PBXBuildFile; fileRef = 3434203C2C331F70004A5568 /* DynamicListView.swift */; };
		343420402C332098004A5568 /* SectionStaticListView.swift in Sources */ = {isa = PBXBuildFile; fileRef = 3434203F2C332098004A5568 /* SectionStaticListView.swift */; };
		343420422C33210A004A5568 /* SectionDynamicListView.swift in Sources */ = {isa = PBXBuildFile; fileRef = 343420412C33210A004A5568 /* SectionDynamicListView.swift */; };
		343420462C3321C4004A5568 /* StaticListInitialView.swift in Sources */ = {isa = PBXBuildFile; fileRef = 343420452C3321C4004A5568 /* StaticListInitialView.swift */; };
		343420482C3321D6004A5568 /* DynamicListInitialView.swift in Sources */ = {isa = PBXBuildFile; fileRef = 343420472C3321D6004A5568 /* DynamicListInitialView.swift */; };
		3434204B2C3322BC004A5568 /* SectionStaticInitialView.swift in Sources */ = {isa = PBXBuildFile; fileRef = 3434204A2C3322BC004A5568 /* SectionStaticInitialView.swift */; };
		3434204D2C332315004A5568 /* SectionDynamicInitialView.swift in Sources */ = {isa = PBXBuildFile; fileRef = 3434204C2C332315004A5568 /* SectionDynamicInitialView.swift */; };
		3434204F2C33237F004A5568 /* ExpandSectionInitialView.swift in Sources */ = {isa = PBXBuildFile; fileRef = 3434204E2C33237F004A5568 /* ExpandSectionInitialView.swift */; };
		343420522C332448004A5568 /* SelectionSingleInitialView.swift in Sources */ = {isa = PBXBuildFile; fileRef = 343420512C332448004A5568 /* SelectionSingleInitialView.swift */; };
		343420542C33250A004A5568 /* MultiSelectionInitialView.swift in Sources */ = {isa = PBXBuildFile; fileRef = 343420532C33250A004A5568 /* MultiSelectionInitialView.swift */; };
		343420592C33290C004A5568 /* AddItemInitialView.swift in Sources */ = {isa = PBXBuildFile; fileRef = 343420582C33290C004A5568 /* AddItemInitialView.swift */; };
		3434205B2C332974004A5568 /* DeleteItemInitialView.swift in Sources */ = {isa = PBXBuildFile; fileRef = 3434205A2C332974004A5568 /* DeleteItemInitialView.swift */; };
		3434205D2C3329AC004A5568 /* EditItemInitialView.swift in Sources */ = {isa = PBXBuildFile; fileRef = 3434205C2C3329AC004A5568 /* EditItemInitialView.swift */; };
		3434205F2C3329DA004A5568 /* MoveItemInitialView.swift in Sources */ = {isa = PBXBuildFile; fileRef = 3434205E2C3329DA004A5568 /* MoveItemInitialView.swift */; };
		343420622C332A77004A5568 /* SimpleFilterInitialView.swift in Sources */ = {isa = PBXBuildFile; fileRef = 343420612C332A77004A5568 /* SimpleFilterInitialView.swift */; };
		3450143D2BF69F9500706EF5 /* ListProjectApp.swift in Sources */ = {isa = PBXBuildFile; fileRef = 3450143C2BF69F9500706EF5 /* ListProjectApp.swift */; };
		3450143F2BF69F9500706EF5 /* ContentView.swift in Sources */ = {isa = PBXBuildFile; fileRef = 3450143E2BF69F9500706EF5 /* ContentView.swift */; };
		345014412BF69F9600706EF5 /* Assets.xcassets in Resources */ = {isa = PBXBuildFile; fileRef = 345014402BF69F9600706EF5 /* Assets.xcassets */; };
		345014442BF69F9600706EF5 /* Preview Assets.xcassets in Resources */ = {isa = PBXBuildFile; fileRef = 345014432BF69F9600706EF5 /* Preview Assets.xcassets */; };
		3458600D2C17A7BC002CD9BD /* StyleList.swift in Sources */ = {isa = PBXBuildFile; fileRef = 3458600C2C17A7BC002CD9BD /* StyleList.swift */; };
		345860112C1B82EA002CD9BD /* SimpleFilterSample.swift in Sources */ = {isa = PBXBuildFile; fileRef = 345860102C1B82EA002CD9BD /* SimpleFilterSample.swift */; };
		345860132C1B967A002CD9BD /* TokenFilter.swift in Sources */ = {isa = PBXBuildFile; fileRef = 345860122C1B967A002CD9BD /* TokenFilter.swift */; };
		34EB52512C2F54D70000E731 /* TokenFilter.swift in Sources */ = {isa = PBXBuildFile; fileRef = 34EB52502C2F54D70000E731 /* TokenFilter.swift */; };
		34EB52532C2F54EC0000E731 /* StyleListSimple.swift in Sources */ = {isa = PBXBuildFile; fileRef = 34EB52522C2F54EC0000E731 /* StyleListSimple.swift */; };
		34EB52552C2F54F50000E731 /* StyleList.swift in Sources */ = {isa = PBXBuildFile; fileRef = 34EB52542C2F54F50000E731 /* StyleList.swift */; };
		34EB525B2C2F55170000E731 /* SelectionListSection.swift in Sources */ = {isa = PBXBuildFile; fileRef = 34EB525A2C2F55170000E731 /* SelectionListSection.swift */; };
		34EB525D2C2F55220000E731 /* SelectionSingleList.swift in Sources */ = {isa = PBXBuildFile; fileRef = 34EB525C2C2F55220000E731 /* SelectionSingleList.swift */; };
		34EB525F2C2F55320000E731 /* MultiSelectionList.swift in Sources */ = {isa = PBXBuildFile; fileRef = 34EB525E2C2F55320000E731 /* MultiSelectionList.swift */; };
		34EB52692C2F55780000E731 /* ExpandSectionView.swift in Sources */ = {isa = PBXBuildFile; fileRef = 34EB52682C2F55780000E731 /* ExpandSectionView.swift */; };
		34EB526F2C2F55BB0000E731 /* MoveItemList.swift in Sources */ = {isa = PBXBuildFile; fileRef = 34EB526E2C2F55BB0000E731 /* MoveItemList.swift */; };
		34EB52712C2F55C80000E731 /* SimpleFilterSample.swift in Sources */ = {isa = PBXBuildFile; fileRef = 34EB52702C2F55C80000E731 /* SimpleFilterSample.swift */; };
		34EB52732C2F55D20000E731 /* SimpleFilter.swift in Sources */ = {isa = PBXBuildFile; fileRef = 34EB52722C2F55D20000E731 /* SimpleFilter.swift */; };
		34FB7E172C1A5401009A9DB5 /* StyleListSimple.swift in Sources */ = {isa = PBXBuildFile; fileRef = 34FB7E162C1A5401009A9DB5 /* StyleListSimple.swift */; };
		34FD44A72C0E75B000977D9D /* AddItemOnList.swift in Sources */ = {isa = PBXBuildFile; fileRef = 34FD44A62C0E75B000977D9D /* AddItemOnList.swift */; };
		34FD44A92C110DD100977D9D /* DeleteItemList.swift in Sources */ = {isa = PBXBuildFile; fileRef = 34FD44A82C110DD100977D9D /* DeleteItemList.swift */; };
		34FD44AD2C13B04800977D9D /* EditItemList.swift in Sources */ = {isa = PBXBuildFile; fileRef = 34FD44AC2C13B04800977D9D /* EditItemList.swift */; };
/* End PBXBuildFile section */

/* Begin PBXFileReference section */
		3404E8672BFFD0B10037E3E7 /* SelectionList.swift */ = {isa = PBXFileReference; lastKnownFileType = sourcecode.swift; path = SelectionList.swift; sourceTree = "<group>"; };
		3434203A2C331F2A004A5568 /* StaticListView.swift */ = {isa = PBXFileReference; lastKnownFileType = sourcecode.swift; path = StaticListView.swift; sourceTree = "<group>"; };
		3434203C2C331F70004A5568 /* DynamicListView.swift */ = {isa = PBXFileReference; lastKnownFileType = sourcecode.swift; path = DynamicListView.swift; sourceTree = "<group>"; };
		3434203F2C332098004A5568 /* SectionStaticListView.swift */ = {isa = PBXFileReference; lastKnownFileType = sourcecode.swift; path = SectionStaticListView.swift; sourceTree = "<group>"; };
		343420412C33210A004A5568 /* SectionDynamicListView.swift */ = {isa = PBXFileReference; lastKnownFileType = sourcecode.swift; path = SectionDynamicListView.swift; sourceTree = "<group>"; };
		343420452C3321C4004A5568 /* StaticListInitialView.swift */ = {isa = PBXFileReference; lastKnownFileType = sourcecode.swift; path = StaticListInitialView.swift; sourceTree = "<group>"; };
		343420472C3321D6004A5568 /* DynamicListInitialView.swift */ = {isa = PBXFileReference; lastKnownFileType = sourcecode.swift; path = DynamicListInitialView.swift; sourceTree = "<group>"; };
		3434204A2C3322BC004A5568 /* SectionStaticInitialView.swift */ = {isa = PBXFileReference; lastKnownFileType = sourcecode.swift; path = SectionStaticInitialView.swift; sourceTree = "<group>"; };
		3434204C2C332315004A5568 /* SectionDynamicInitialView.swift */ = {isa = PBXFileReference; lastKnownFileType = sourcecode.swift; path = SectionDynamicInitialView.swift; sourceTree = "<group>"; };
		3434204E2C33237F004A5568 /* ExpandSectionInitialView.swift */ = {isa = PBXFileReference; lastKnownFileType = sourcecode.swift; path = ExpandSectionInitialView.swift; sourceTree = "<group>"; };
		343420512C332448004A5568 /* SelectionSingleInitialView.swift */ = {isa = PBXFileReference; lastKnownFileType = sourcecode.swift; path = SelectionSingleInitialView.swift; sourceTree = "<group>"; };
		343420532C33250A004A5568 /* MultiSelectionInitialView.swift */ = {isa = PBXFileReference; lastKnownFileType = sourcecode.swift; path = MultiSelectionInitialView.swift; sourceTree = "<group>"; };
		343420582C33290C004A5568 /* AddItemInitialView.swift */ = {isa = PBXFileReference; lastKnownFileType = sourcecode.swift; path = AddItemInitialView.swift; sourceTree = "<group>"; };
		3434205A2C332974004A5568 /* DeleteItemInitialView.swift */ = {isa = PBXFileReference; lastKnownFileType = sourcecode.swift; path = DeleteItemInitialView.swift; sourceTree = "<group>"; };
		3434205C2C3329AC004A5568 /* EditItemInitialView.swift */ = {isa = PBXFileReference; lastKnownFileType = sourcecode.swift; path = EditItemInitialView.swift; sourceTree = "<group>"; };
		3434205E2C3329DA004A5568 /* MoveItemInitialView.swift */ = {isa = PBXFileReference; lastKnownFileType = sourcecode.swift; path = MoveItemInitialView.swift; sourceTree = "<group>"; };
		343420612C332A77004A5568 /* SimpleFilterInitialView.swift */ = {isa = PBXFileReference; lastKnownFileType = sourcecode.swift; path = SimpleFilterInitialView.swift; sourceTree = "<group>"; };
		345014392BF69F9500706EF5 /* ListProject.app */ = {isa = PBXFileReference; explicitFileType = wrapper.application; includeInIndex = 0; path = ListProject.app; sourceTree = BUILT_PRODUCTS_DIR; };
		3450143C2BF69F9500706EF5 /* ListProjectApp.swift */ = {isa = PBXFileReference; lastKnownFileType = sourcecode.swift; path = ListProjectApp.swift; sourceTree = "<group>"; };
		3450143E2BF69F9500706EF5 /* ContentView.swift */ = {isa = PBXFileReference; lastKnownFileType = sourcecode.swift; path = ContentView.swift; sourceTree = "<group>"; };
		345014402BF69F9600706EF5 /* Assets.xcassets */ = {isa = PBXFileReference; lastKnownFileType = folder.assetcatalog; path = Assets.xcassets; sourceTree = "<group>"; };
		345014432BF69F9600706EF5 /* Preview Assets.xcassets */ = {isa = PBXFileReference; lastKnownFileType = folder.assetcatalog; path = "Preview Assets.xcassets"; sourceTree = "<group>"; };
		3458600C2C17A7BC002CD9BD /* StyleList.swift */ = {isa = PBXFileReference; lastKnownFileType = sourcecode.swift; path = StyleList.swift; sourceTree = "<group>"; };
		345860102C1B82EA002CD9BD /* SimpleFilterSample.swift */ = {isa = PBXFileReference; lastKnownFileType = sourcecode.swift; path = SimpleFilterSample.swift; sourceTree = "<group>"; };
		345860122C1B967A002CD9BD /* TokenFilter.swift */ = {isa = PBXFileReference; lastKnownFileType = sourcecode.swift; path = TokenFilter.swift; sourceTree = "<group>"; };
		34EB52502C2F54D70000E731 /* TokenFilter.swift */ = {isa = PBXFileReference; fileEncoding = 4; lastKnownFileType = sourcecode.swift; path = TokenFilter.swift; sourceTree = "<group>"; };
		34EB52522C2F54EC0000E731 /* StyleListSimple.swift */ = {isa = PBXFileReference; fileEncoding = 4; lastKnownFileType = sourcecode.swift; path = StyleListSimple.swift; sourceTree = "<group>"; };
		34EB52542C2F54F50000E731 /* StyleList.swift */ = {isa = PBXFileReference; fileEncoding = 4; lastKnownFileType = sourcecode.swift; path = StyleList.swift; sourceTree = "<group>"; };
		34EB525A2C2F55170000E731 /* SelectionListSection.swift */ = {isa = PBXFileReference; fileEncoding = 4; lastKnownFileType = sourcecode.swift; path = SelectionListSection.swift; sourceTree = "<group>"; };
		34EB525C2C2F55220000E731 /* SelectionSingleList.swift */ = {isa = PBXFileReference; fileEncoding = 4; lastKnownFileType = sourcecode.swift; path = SelectionSingleList.swift; sourceTree = "<group>"; };
		34EB525E2C2F55320000E731 /* MultiSelectionList.swift */ = {isa = PBXFileReference; fileEncoding = 4; lastKnownFileType = sourcecode.swift; path = MultiSelectionList.swift; sourceTree = "<group>"; };
		34EB52682C2F55780000E731 /* ExpandSectionView.swift */ = {isa = PBXFileReference; fileEncoding = 4; lastKnownFileType = sourcecode.swift; path = ExpandSectionView.swift; sourceTree = "<group>"; };
		34EB526E2C2F55BB0000E731 /* MoveItemList.swift */ = {isa = PBXFileReference; fileEncoding = 4; lastKnownFileType = sourcecode.swift; path = MoveItemList.swift; sourceTree = "<group>"; };
		34EB52702C2F55C80000E731 /* SimpleFilterSample.swift */ = {isa = PBXFileReference; fileEncoding = 4; lastKnownFileType = sourcecode.swift; path = SimpleFilterSample.swift; sourceTree = "<group>"; };
		34EB52722C2F55D20000E731 /* SimpleFilter.swift */ = {isa = PBXFileReference; fileEncoding = 4; lastKnownFileType = sourcecode.swift; path = SimpleFilter.swift; sourceTree = "<group>"; };
		34FB7E162C1A5401009A9DB5 /* StyleListSimple.swift */ = {isa = PBXFileReference; lastKnownFileType = sourcecode.swift; path = StyleListSimple.swift; sourceTree = "<group>"; };
		34FD44A62C0E75B000977D9D /* AddItemOnList.swift */ = {isa = PBXFileReference; lastKnownFileType = sourcecode.swift; path = AddItemOnList.swift; sourceTree = "<group>"; };
		34FD44A82C110DD100977D9D /* DeleteItemList.swift */ = {isa = PBXFileReference; lastKnownFileType = sourcecode.swift; path = DeleteItemList.swift; sourceTree = "<group>"; };
		34FD44AC2C13B04800977D9D /* EditItemList.swift */ = {isa = PBXFileReference; lastKnownFileType = sourcecode.swift; path = EditItemList.swift; sourceTree = "<group>"; };
/* End PBXFileReference section */

/* Begin PBXFrameworksBuildPhase section */
		345014362BF69F9500706EF5 /* Frameworks */ = {
			isa = PBXFrameworksBuildPhase;
			buildActionMask = 2147483647;
			files = (
			);
			runOnlyForDeploymentPostprocessing = 0;
		};
/* End PBXFrameworksBuildPhase section */

/* Begin PBXGroup section */
		343420392C331F08004A5568 /* Lista Estatica e Dinamica */ = {
			isa = PBXGroup;
			children = (
				3434203A2C331F2A004A5568 /* StaticListView.swift */,
				3434203C2C331F70004A5568 /* DynamicListView.swift */,
			);
			name = "Lista Estatica e Dinamica";
			path = "ListProject/FinalView/Lista Estatica e Dinamica";
			sourceTree = SOURCE_ROOT;
		};
		3434203E2C331FAC004A5568 /* Sections */ = {
			isa = PBXGroup;
			children = (
				3434203F2C332098004A5568 /* SectionStaticListView.swift */,
				343420412C33210A004A5568 /* SectionDynamicListView.swift */,
				34EB52682C2F55780000E731 /* ExpandSectionView.swift */,
			);
			path = Sections;
			sourceTree = "<group>";
		};
		343420432C3321A8004A5568 /* Initial */ = {
			isa = PBXGroup;
			children = (
				343420442C3321B1004A5568 /* Lista Estatica e Dinamica */,
				343420492C332293004A5568 /* Sections */,
				343420502C33242A004A5568 /* Selection */,
				343420552C3325EE004A5568 /* Operacoes Com Listas */,
				343420602C332A4A004A5568 /* Filter */,
			);
			path = Initial;
			sourceTree = "<group>";
		};
		343420442C3321B1004A5568 /* Lista Estatica e Dinamica */ = {
			isa = PBXGroup;
			children = (
				343420452C3321C4004A5568 /* StaticListInitialView.swift */,
				343420472C3321D6004A5568 /* DynamicListInitialView.swift */,
			);
			path = "Lista Estatica e Dinamica";
			sourceTree = "<group>";
		};
		343420492C332293004A5568 /* Sections */ = {
			isa = PBXGroup;
			children = (
				3434204A2C3322BC004A5568 /* SectionStaticInitialView.swift */,
				3434204C2C332315004A5568 /* SectionDynamicInitialView.swift */,
				3434204E2C33237F004A5568 /* ExpandSectionInitialView.swift */,
			);
			path = Sections;
			sourceTree = "<group>";
		};
		343420502C33242A004A5568 /* Selection */ = {
			isa = PBXGroup;
			children = (
				343420512C332448004A5568 /* SelectionSingleInitialView.swift */,
				343420532C33250A004A5568 /* MultiSelectionInitialView.swift */,
			);
			path = Selection;
			sourceTree = "<group>";
		};
		343420552C3325EE004A5568 /* Operacoes Com Listas */ = {
			isa = PBXGroup;
			children = (
				343420582C33290C004A5568 /* AddItemInitialView.swift */,
				3434205A2C332974004A5568 /* DeleteItemInitialView.swift */,
				3434205C2C3329AC004A5568 /* EditItemInitialView.swift */,
				3434205E2C3329DA004A5568 /* MoveItemInitialView.swift */,
			);
			path = "Operacoes Com Listas";
			sourceTree = "<group>";
		};
		343420602C332A4A004A5568 /* Filter */ = {
			isa = PBXGroup;
			children = (
				343420612C332A77004A5568 /* SimpleFilterInitialView.swift */,
			);
			path = Filter;
			sourceTree = "<group>";
		};
		345014302BF69F9500706EF5 = {
			isa = PBXGroup;
			children = (
				3450143B2BF69F9500706EF5 /* ListProject */,
				3450143A2BF69F9500706EF5 /* Products */,
			);
			sourceTree = "<group>";
		};
		3450143A2BF69F9500706EF5 /* Products */ = {
			isa = PBXGroup;
			children = (
				345014392BF69F9500706EF5 /* ListProject.app */,
			);
			name = Products;
			sourceTree = "<group>";
		};
		3450143B2BF69F9500706EF5 /* ListProject */ = {
			isa = PBXGroup;
			children = (
				343420432C3321A8004A5568 /* Initial */,
				34EB521A2C2F51A80000E731 /* Final */,
				3450143C2BF69F9500706EF5 /* ListProjectApp.swift */,
				3450143E2BF69F9500706EF5 /* ContentView.swift */,
				345014402BF69F9600706EF5 /* Assets.xcassets */,
				345014422BF69F9600706EF5 /* Preview Content */,
			);
			path = ListProject;
			sourceTree = "<group>";
		};
		345014422BF69F9600706EF5 /* Preview Content */ = {
			isa = PBXGroup;
			children = (
				345014432BF69F9600706EF5 /* Preview Assets.xcassets */,
			);
			path = "Preview Content";
			sourceTree = "<group>";
		};
		34EB52142C2F4E580000E731 /* Selection */ = {
			isa = PBXGroup;
			children = (
				34EB52152C2F4ED90000E731 /* extras */,
				34EB525C2C2F55220000E731 /* SelectionSingleList.swift */,
				34EB525E2C2F55320000E731 /* MultiSelectionList.swift */,
			);
			path = Selection;
			sourceTree = "<group>";
		};
		34EB52152C2F4ED90000E731 /* extras */ = {
			isa = PBXGroup;
			children = (
				3404E8672BFFD0B10037E3E7 /* SelectionList.swift */,
				34EB525A2C2F55170000E731 /* SelectionListSection.swift */,
			);
			path = extras;
			sourceTree = "<group>";
		};
		34EB52162C2F4F230000E731 /* Operacoes Com Listas */ = {
			isa = PBXGroup;
			children = (
				34FD44A62C0E75B000977D9D /* AddItemOnList.swift */,
				34FD44A82C110DD100977D9D /* DeleteItemList.swift */,
				34FD44AC2C13B04800977D9D /* EditItemList.swift */,
				34EB526E2C2F55BB0000E731 /* MoveItemList.swift */,
			);
			path = "Operacoes Com Listas";
			sourceTree = "<group>";
		};
		34EB52172C2F4FA40000E731 /* Estilizacao das listas */ = {
			isa = PBXGroup;
			children = (
				3458600C2C17A7BC002CD9BD /* StyleList.swift */,
				34EB52542C2F54F50000E731 /* StyleList.swift */,
				34EB52522C2F54EC0000E731 /* StyleListSimple.swift */,
				34FB7E162C1A5401009A9DB5 /* StyleListSimple.swift */,
			);
			path = "Estilizacao das listas";
			sourceTree = "<group>";
		};
		34EB52182C2F4FC90000E731 /* Filter */ = {
			isa = PBXGroup;
			children = (
				34EB52722C2F55D20000E731 /* SimpleFilter.swift */,
				34EB52192C2F51900000E731 /* extras */,
			);
			path = Filter;
			sourceTree = "<group>";
		};
		34EB52192C2F51900000E731 /* extras */ = {
			isa = PBXGroup;
			children = (
				345860102C1B82EA002CD9BD /* SimpleFilterSample.swift */,
				34EB52702C2F55C80000E731 /* SimpleFilterSample.swift */,
				34EB52502C2F54D70000E731 /* TokenFilter.swift */,
				345860122C1B967A002CD9BD /* TokenFilter.swift */,
			);
			path = extras;
			sourceTree = "<group>";
		};
		34EB521A2C2F51A80000E731 /* Final */ = {
			isa = PBXGroup;
			children = (
				343420392C331F08004A5568 /* Lista Estatica e Dinamica */,
				3434203E2C331FAC004A5568 /* Sections */,
				34EB52142C2F4E580000E731 /* Selection */,
				34EB52162C2F4F230000E731 /* Operacoes Com Listas */,
				34EB52172C2F4FA40000E731 /* Estilizacao das listas */,
				34EB52182C2F4FC90000E731 /* Filter */,
			);
			path = Final;
			sourceTree = "<group>";
		};
/* End PBXGroup section */

/* Begin PBXNativeTarget section */
		345014382BF69F9500706EF5 /* ListProject */ = {
			isa = PBXNativeTarget;
			buildConfigurationList = 345014472BF69F9600706EF5 /* Build configuration list for PBXNativeTarget "ListProject" */;
			buildPhases = (
				345014352BF69F9500706EF5 /* Sources */,
				345014362BF69F9500706EF5 /* Frameworks */,
				345014372BF69F9500706EF5 /* Resources */,
			);
			buildRules = (
			);
			dependencies = (
			);
			name = ListProject;
			productName = ListProject;
			productReference = 345014392BF69F9500706EF5 /* ListProject.app */;
			productType = "com.apple.product-type.application";
		};
/* End PBXNativeTarget section */

/* Begin PBXProject section */
		345014312BF69F9500706EF5 /* Project object */ = {
			isa = PBXProject;
			attributes = {
				BuildIndependentTargetsInParallel = 1;
				LastSwiftUpdateCheck = 1530;
				LastUpgradeCheck = 1530;
				TargetAttributes = {
					345014382BF69F9500706EF5 = {
						CreatedOnToolsVersion = 15.3;
					};
				};
			};
			buildConfigurationList = 345014342BF69F9500706EF5 /* Build configuration list for PBXProject "ListProject" */;
			compatibilityVersion = "Xcode 14.0";
			developmentRegion = en;
			hasScannedForEncodings = 0;
			knownRegions = (
				en,
				Base,
			);
			mainGroup = 345014302BF69F9500706EF5;
			productRefGroup = 3450143A2BF69F9500706EF5 /* Products */;
			projectDirPath = "";
			projectRoot = "";
			targets = (
				345014382BF69F9500706EF5 /* ListProject */,
			);
		};
/* End PBXProject section */

/* Begin PBXResourcesBuildPhase section */
		345014372BF69F9500706EF5 /* Resources */ = {
			isa = PBXResourcesBuildPhase;
			buildActionMask = 2147483647;
			files = (
				345014442BF69F9600706EF5 /* Preview Assets.xcassets in Resources */,
				345014412BF69F9600706EF5 /* Assets.xcassets in Resources */,
			);
			runOnlyForDeploymentPostprocessing = 0;
		};
/* End PBXResourcesBuildPhase section */

/* Begin PBXSourcesBuildPhase section */
		345014352BF69F9500706EF5 /* Sources */ = {
			isa = PBXSourcesBuildPhase;
			buildActionMask = 2147483647;
			files = (
				34EB52732C2F55D20000E731 /* SimpleFilter.swift in Sources */,
				343420622C332A77004A5568 /* SimpleFilterInitialView.swift in Sources */,
				3404E8682BFFD0B10037E3E7 /* SelectionList.swift in Sources */,
				3434204D2C332315004A5568 /* SectionDynamicInitialView.swift in Sources */,
				3450143F2BF69F9500706EF5 /* ContentView.swift in Sources */,
				34EB525F2C2F55320000E731 /* MultiSelectionList.swift in Sources */,
				343420422C33210A004A5568 /* SectionDynamicListView.swift in Sources */,
				3434203D2C331F70004A5568 /* DynamicListView.swift in Sources */,
				3434205F2C3329DA004A5568 /* MoveItemInitialView.swift in Sources */,
				34EB526F2C2F55BB0000E731 /* MoveItemList.swift in Sources */,
				3434204B2C3322BC004A5568 /* SectionStaticInitialView.swift in Sources */,
				34EB52552C2F54F50000E731 /* StyleList.swift in Sources */,
				3458600D2C17A7BC002CD9BD /* StyleList.swift in Sources */,
				34EB525D2C2F55220000E731 /* SelectionSingleList.swift in Sources */,
				34FD44A92C110DD100977D9D /* DeleteItemList.swift in Sources */,
				343420462C3321C4004A5568 /* StaticListInitialView.swift in Sources */,
				343420482C3321D6004A5568 /* DynamicListInitialView.swift in Sources */,
				345860112C1B82EA002CD9BD /* SimpleFilterSample.swift in Sources */,
				343420592C33290C004A5568 /* AddItemInitialView.swift in Sources */,
				34EB52692C2F55780000E731 /* ExpandSectionView.swift in Sources */,
				34FB7E172C1A5401009A9DB5 /* StyleListSimple.swift in Sources */,
				34EB52712C2F55C80000E731 /* SimpleFilterSample.swift in Sources */,
				34FD44AD2C13B04800977D9D /* EditItemList.swift in Sources */,
				3434204F2C33237F004A5568 /* ExpandSectionInitialView.swift in Sources */,
				3434203B2C331F2A004A5568 /* StaticListView.swift in Sources */,
				3450143D2BF69F9500706EF5 /* ListProjectApp.swift in Sources */,
				3434205B2C332974004A5568 /* DeleteItemInitialView.swift in Sources */,
				343420402C332098004A5568 /* SectionStaticListView.swift in Sources */,
				3434205D2C3329AC004A5568 /* EditItemInitialView.swift in Sources */,
				34EB52532C2F54EC0000E731 /* StyleListSimple.swift in Sources */,
				34EB525B2C2F55170000E731 /* SelectionListSection.swift in Sources */,
				34FD44A72C0E75B000977D9D /* AddItemOnList.swift in Sources */,
				345860132C1B967A002CD9BD /* TokenFilter.swift in Sources */,
				343420542C33250A004A5568 /* MultiSelectionInitialView.swift in Sources */,
				343420522C332448004A5568 /* SelectionSingleInitialView.swift in Sources */,
				34EB52512C2F54D70000E731 /* TokenFilter.swift in Sources */,
			);
			runOnlyForDeploymentPostprocessing = 0;
		};
/* End PBXSourcesBuildPhase section */

/* Begin XCBuildConfiguration section */
		345014452BF69F9600706EF5 /* Debug */ = {
			isa = XCBuildConfiguration;
			buildSettings = {
				ALWAYS_SEARCH_USER_PATHS = NO;
				ASSETCATALOG_COMPILER_GENERATE_SWIFT_ASSET_SYMBOL_EXTENSIONS = YES;
				CLANG_ANALYZER_NONNULL = YES;
				CLANG_ANALYZER_NUMBER_OBJECT_CONVERSION = YES_AGGRESSIVE;
				CLANG_CXX_LANGUAGE_STANDARD = "gnu++20";
				CLANG_ENABLE_MODULES = YES;
				CLANG_ENABLE_OBJC_ARC = YES;
				CLANG_ENABLE_OBJC_WEAK = YES;
				CLANG_WARN_BLOCK_CAPTURE_AUTORELEASING = YES;
				CLANG_WARN_BOOL_CONVERSION = YES;
				CLANG_WARN_COMMA = YES;
				CLANG_WARN_CONSTANT_CONVERSION = YES;
				CLANG_WARN_DEPRECATED_OBJC_IMPLEMENTATIONS = YES;
				CLANG_WARN_DIRECT_OBJC_ISA_USAGE = YES_ERROR;
				CLANG_WARN_DOCUMENTATION_COMMENTS = YES;
				CLANG_WARN_EMPTY_BODY = YES;
				CLANG_WARN_ENUM_CONVERSION = YES;
				CLANG_WARN_INFINITE_RECURSION = YES;
				CLANG_WARN_INT_CONVERSION = YES;
				CLANG_WARN_NON_LITERAL_NULL_CONVERSION = YES;
				CLANG_WARN_OBJC_IMPLICIT_RETAIN_SELF = YES;
				CLANG_WARN_OBJC_LITERAL_CONVERSION = YES;
				CLANG_WARN_OBJC_ROOT_CLASS = YES_ERROR;
				CLANG_WARN_QUOTED_INCLUDE_IN_FRAMEWORK_HEADER = YES;
				CLANG_WARN_RANGE_LOOP_ANALYSIS = YES;
				CLANG_WARN_STRICT_PROTOTYPES = YES;
				CLANG_WARN_SUSPICIOUS_MOVE = YES;
				CLANG_WARN_UNGUARDED_AVAILABILITY = YES_AGGRESSIVE;
				CLANG_WARN_UNREACHABLE_CODE = YES;
				CLANG_WARN__DUPLICATE_METHOD_MATCH = YES;
				COPY_PHASE_STRIP = NO;
				DEBUG_INFORMATION_FORMAT = dwarf;
				ENABLE_STRICT_OBJC_MSGSEND = YES;
				ENABLE_TESTABILITY = YES;
				ENABLE_USER_SCRIPT_SANDBOXING = YES;
				GCC_C_LANGUAGE_STANDARD = gnu17;
				GCC_DYNAMIC_NO_PIC = NO;
				GCC_NO_COMMON_BLOCKS = YES;
				GCC_OPTIMIZATION_LEVEL = 0;
				GCC_PREPROCESSOR_DEFINITIONS = (
					"DEBUG=1",
					"$(inherited)",
				);
				GCC_WARN_64_TO_32_BIT_CONVERSION = YES;
				GCC_WARN_ABOUT_RETURN_TYPE = YES_ERROR;
				GCC_WARN_UNDECLARED_SELECTOR = YES;
				GCC_WARN_UNINITIALIZED_AUTOS = YES_AGGRESSIVE;
				GCC_WARN_UNUSED_FUNCTION = YES;
				GCC_WARN_UNUSED_VARIABLE = YES;
				IPHONEOS_DEPLOYMENT_TARGET = 17.4;
				LOCALIZATION_PREFERS_STRING_CATALOGS = YES;
				MTL_ENABLE_DEBUG_INFO = INCLUDE_SOURCE;
				MTL_FAST_MATH = YES;
				ONLY_ACTIVE_ARCH = YES;
				SDKROOT = iphoneos;
				SWIFT_ACTIVE_COMPILATION_CONDITIONS = "DEBUG $(inherited)";
				SWIFT_OPTIMIZATION_LEVEL = "-Onone";
			};
			name = Debug;
		};
		345014462BF69F9600706EF5 /* Release */ = {
			isa = XCBuildConfiguration;
			buildSettings = {
				ALWAYS_SEARCH_USER_PATHS = NO;
				ASSETCATALOG_COMPILER_GENERATE_SWIFT_ASSET_SYMBOL_EXTENSIONS = YES;
				CLANG_ANALYZER_NONNULL = YES;
				CLANG_ANALYZER_NUMBER_OBJECT_CONVERSION = YES_AGGRESSIVE;
				CLANG_CXX_LANGUAGE_STANDARD = "gnu++20";
				CLANG_ENABLE_MODULES = YES;
				CLANG_ENABLE_OBJC_ARC = YES;
				CLANG_ENABLE_OBJC_WEAK = YES;
				CLANG_WARN_BLOCK_CAPTURE_AUTORELEASING = YES;
				CLANG_WARN_BOOL_CONVERSION = YES;
				CLANG_WARN_COMMA = YES;
				CLANG_WARN_CONSTANT_CONVERSION = YES;
				CLANG_WARN_DEPRECATED_OBJC_IMPLEMENTATIONS = YES;
				CLANG_WARN_DIRECT_OBJC_ISA_USAGE = YES_ERROR;
				CLANG_WARN_DOCUMENTATION_COMMENTS = YES;
				CLANG_WARN_EMPTY_BODY = YES;
				CLANG_WARN_ENUM_CONVERSION = YES;
				CLANG_WARN_INFINITE_RECURSION = YES;
				CLANG_WARN_INT_CONVERSION = YES;
				CLANG_WARN_NON_LITERAL_NULL_CONVERSION = YES;
				CLANG_WARN_OBJC_IMPLICIT_RETAIN_SELF = YES;
				CLANG_WARN_OBJC_LITERAL_CONVERSION = YES;
				CLANG_WARN_OBJC_ROOT_CLASS = YES_ERROR;
				CLANG_WARN_QUOTED_INCLUDE_IN_FRAMEWORK_HEADER = YES;
				CLANG_WARN_RANGE_LOOP_ANALYSIS = YES;
				CLANG_WARN_STRICT_PROTOTYPES = YES;
				CLANG_WARN_SUSPICIOUS_MOVE = YES;
				CLANG_WARN_UNGUARDED_AVAILABILITY = YES_AGGRESSIVE;
				CLANG_WARN_UNREACHABLE_CODE = YES;
				CLANG_WARN__DUPLICATE_METHOD_MATCH = YES;
				COPY_PHASE_STRIP = NO;
				DEBUG_INFORMATION_FORMAT = "dwarf-with-dsym";
				ENABLE_NS_ASSERTIONS = NO;
				ENABLE_STRICT_OBJC_MSGSEND = YES;
				ENABLE_USER_SCRIPT_SANDBOXING = YES;
				GCC_C_LANGUAGE_STANDARD = gnu17;
				GCC_NO_COMMON_BLOCKS = YES;
				GCC_WARN_64_TO_32_BIT_CONVERSION = YES;
				GCC_WARN_ABOUT_RETURN_TYPE = YES_ERROR;
				GCC_WARN_UNDECLARED_SELECTOR = YES;
				GCC_WARN_UNINITIALIZED_AUTOS = YES_AGGRESSIVE;
				GCC_WARN_UNUSED_FUNCTION = YES;
				GCC_WARN_UNUSED_VARIABLE = YES;
				IPHONEOS_DEPLOYMENT_TARGET = 17.4;
				LOCALIZATION_PREFERS_STRING_CATALOGS = YES;
				MTL_ENABLE_DEBUG_INFO = NO;
				MTL_FAST_MATH = YES;
				SDKROOT = iphoneos;
				SWIFT_COMPILATION_MODE = wholemodule;
				VALIDATE_PRODUCT = YES;
			};
			name = Release;
		};
		345014482BF69F9600706EF5 /* Debug */ = {
			isa = XCBuildConfiguration;
			buildSettings = {
				ASSETCATALOG_COMPILER_APPICON_NAME = AppIcon;
				ASSETCATALOG_COMPILER_GLOBAL_ACCENT_COLOR_NAME = AccentColor;
				CODE_SIGN_STYLE = Automatic;
				CURRENT_PROJECT_VERSION = 1;
				DEVELOPMENT_ASSET_PATHS = "\"ListProject/Preview Content\"";
				DEVELOPMENT_TEAM = MT4A7M75NC;
				ENABLE_PREVIEWS = YES;
				GENERATE_INFOPLIST_FILE = YES;
				INFOPLIST_KEY_UIApplicationSceneManifest_Generation = YES;
				INFOPLIST_KEY_UIApplicationSupportsIndirectInputEvents = YES;
				INFOPLIST_KEY_UILaunchScreen_Generation = YES;
				INFOPLIST_KEY_UISupportedInterfaceOrientations_iPad = "UIInterfaceOrientationPortrait UIInterfaceOrientationPortraitUpsideDown UIInterfaceOrientationLandscapeLeft UIInterfaceOrientationLandscapeRight";
				INFOPLIST_KEY_UISupportedInterfaceOrientations_iPhone = "UIInterfaceOrientationPortrait UIInterfaceOrientationLandscapeLeft UIInterfaceOrientationLandscapeRight";
				LD_RUNPATH_SEARCH_PATHS = (
					"$(inherited)",
					"@executable_path/Frameworks",
				);
				MARKETING_VERSION = 1.0;
				PRODUCT_BUNDLE_IDENTIFIER = UIKitAnimation.ListProject;
				PRODUCT_NAME = "$(TARGET_NAME)";
				SWIFT_EMIT_LOC_STRINGS = YES;
				SWIFT_VERSION = 5.0;
				TARGETED_DEVICE_FAMILY = "1,2";
			};
			name = Debug;
		};
		345014492BF69F9600706EF5 /* Release */ = {
			isa = XCBuildConfiguration;
			buildSettings = {
				ASSETCATALOG_COMPILER_APPICON_NAME = AppIcon;
				ASSETCATALOG_COMPILER_GLOBAL_ACCENT_COLOR_NAME = AccentColor;
				CODE_SIGN_STYLE = Automatic;
				CURRENT_PROJECT_VERSION = 1;
				DEVELOPMENT_ASSET_PATHS = "\"ListProject/Preview Content\"";
				DEVELOPMENT_TEAM = MT4A7M75NC;
				ENABLE_PREVIEWS = YES;
				GENERATE_INFOPLIST_FILE = YES;
				INFOPLIST_KEY_UIApplicationSceneManifest_Generation = YES;
				INFOPLIST_KEY_UIApplicationSupportsIndirectInputEvents = YES;
				INFOPLIST_KEY_UILaunchScreen_Generation = YES;
				INFOPLIST_KEY_UISupportedInterfaceOrientations_iPad = "UIInterfaceOrientationPortrait UIInterfaceOrientationPortraitUpsideDown UIInterfaceOrientationLandscapeLeft UIInterfaceOrientationLandscapeRight";
				INFOPLIST_KEY_UISupportedInterfaceOrientations_iPhone = "UIInterfaceOrientationPortrait UIInterfaceOrientationLandscapeLeft UIInterfaceOrientationLandscapeRight";
				LD_RUNPATH_SEARCH_PATHS = (
					"$(inherited)",
					"@executable_path/Frameworks",
				);
				MARKETING_VERSION = 1.0;
				PRODUCT_BUNDLE_IDENTIFIER = UIKitAnimation.ListProject;
				PRODUCT_NAME = "$(TARGET_NAME)";
				SWIFT_EMIT_LOC_STRINGS = YES;
				SWIFT_VERSION = 5.0;
				TARGETED_DEVICE_FAMILY = "1,2";
			};
			name = Release;
		};
/* End XCBuildConfiguration section */

/* Begin XCConfigurationList section */
		345014342BF69F9500706EF5 /* Build configuration list for PBXProject "ListProject" */ = {
			isa = XCConfigurationList;
			buildConfigurations = (
				345014452BF69F9600706EF5 /* Debug */,
				345014462BF69F9600706EF5 /* Release */,
			);
			defaultConfigurationIsVisible = 0;
			defaultConfigurationName = Release;
		};
		345014472BF69F9600706EF5 /* Build configuration list for PBXNativeTarget "ListProject" */ = {
			isa = XCConfigurationList;
			buildConfigurations = (
				345014482BF69F9600706EF5 /* Debug */,
				345014492BF69F9600706EF5 /* Release */,
			);
			defaultConfigurationIsVisible = 0;
			defaultConfigurationName = Release;
		};
/* End XCConfigurationList section */
	};
	rootObject = 345014312BF69F9500706EF5 /* Project object */;
}
