// !$*UTF8*$!
{
	archiveVersion = 1;
	classes = {
	};
	objectVersion = 56;
	objects = {

/* Begin PBXBuildFile section */
		3404E8662BFD400B0037E3E7 /* DinamicList.swift in Sources */ = {isa = PBXBuildFile; fileRef = 3404E8652BFD400B0037E3E7 /* DinamicList.swift */; };
		3404E8682BFFD0B10037E3E7 /* SelectionList.swift in Sources */ = {isa = PBXBuildFile; fileRef = 3404E8672BFFD0B10037E3E7 /* SelectionList.swift */; };
		3404E86A2BFFD8740037E3E7 /* SelectionListSection.swift in Sources */ = {isa = PBXBuildFile; fileRef = 3404E8692BFFD8740037E3E7 /* SelectionListSection.swift */; };
		3404E86C2BFFDF1C0037E3E7 /* SelectionSingleList.swift in Sources */ = {isa = PBXBuildFile; fileRef = 3404E86B2BFFDF1C0037E3E7 /* SelectionSingleList.swift */; };
		3450143D2BF69F9500706EF5 /* ListProjectApp.swift in Sources */ = {isa = PBXBuildFile; fileRef = 3450143C2BF69F9500706EF5 /* ListProjectApp.swift */; };
		3450143F2BF69F9500706EF5 /* ContentView.swift in Sources */ = {isa = PBXBuildFile; fileRef = 3450143E2BF69F9500706EF5 /* ContentView.swift */; };
		345014412BF69F9600706EF5 /* Assets.xcassets in Resources */ = {isa = PBXBuildFile; fileRef = 345014402BF69F9600706EF5 /* Assets.xcassets */; };
		345014442BF69F9600706EF5 /* Preview Assets.xcassets in Resources */ = {isa = PBXBuildFile; fileRef = 345014432BF69F9600706EF5 /* Preview Assets.xcassets */; };
		3458600D2C17A7BC002CD9BD /* StyleList.swift in Sources */ = {isa = PBXBuildFile; fileRef = 3458600C2C17A7BC002CD9BD /* StyleList.swift */; };
		3477265D2C052D19002CD707 /* MultiSelectionList.swift in Sources */ = {isa = PBXBuildFile; fileRef = 3477265C2C052D19002CD707 /* MultiSelectionList.swift */; };
		34FB7E172C1A5401009A9DB5 /* StyleListSimple.swift in Sources */ = {isa = PBXBuildFile; fileRef = 34FB7E162C1A5401009A9DB5 /* StyleListSimple.swift */; };
		34FD44A72C0E75B000977D9D /* AddItemOnList.swift in Sources */ = {isa = PBXBuildFile; fileRef = 34FD44A62C0E75B000977D9D /* AddItemOnList.swift */; };
		34FD44A92C110DD100977D9D /* DeleteItemList.swift in Sources */ = {isa = PBXBuildFile; fileRef = 34FD44A82C110DD100977D9D /* DeleteItemList.swift */; };
		34FD44AB2C139D1700977D9D /* MoveItemList.swift in Sources */ = {isa = PBXBuildFile; fileRef = 34FD44AA2C139D1700977D9D /* MoveItemList.swift */; };
		34FD44AD2C13B04800977D9D /* EditItemList.swift in Sources */ = {isa = PBXBuildFile; fileRef = 34FD44AC2C13B04800977D9D /* EditItemList.swift */; };
/* End PBXBuildFile section */

/* Begin PBXFileReference section */
		3404E8652BFD400B0037E3E7 /* DinamicList.swift */ = {isa = PBXFileReference; lastKnownFileType = sourcecode.swift; path = DinamicList.swift; sourceTree = "<group>"; };
		3404E8672BFFD0B10037E3E7 /* SelectionList.swift */ = {isa = PBXFileReference; lastKnownFileType = sourcecode.swift; path = SelectionList.swift; sourceTree = "<group>"; };
		3404E8692BFFD8740037E3E7 /* SelectionListSection.swift */ = {isa = PBXFileReference; lastKnownFileType = sourcecode.swift; path = SelectionListSection.swift; sourceTree = "<group>"; };
		3404E86B2BFFDF1C0037E3E7 /* SelectionSingleList.swift */ = {isa = PBXFileReference; lastKnownFileType = sourcecode.swift; path = SelectionSingleList.swift; sourceTree = "<group>"; };
		345014392BF69F9500706EF5 /* ListProject.app */ = {isa = PBXFileReference; explicitFileType = wrapper.application; includeInIndex = 0; path = ListProject.app; sourceTree = BUILT_PRODUCTS_DIR; };
		3450143C2BF69F9500706EF5 /* ListProjectApp.swift */ = {isa = PBXFileReference; lastKnownFileType = sourcecode.swift; path = ListProjectApp.swift; sourceTree = "<group>"; };
		3450143E2BF69F9500706EF5 /* ContentView.swift */ = {isa = PBXFileReference; lastKnownFileType = sourcecode.swift; path = ContentView.swift; sourceTree = "<group>"; };
		345014402BF69F9600706EF5 /* Assets.xcassets */ = {isa = PBXFileReference; lastKnownFileType = folder.assetcatalog; path = Assets.xcassets; sourceTree = "<group>"; };
		345014432BF69F9600706EF5 /* Preview Assets.xcassets */ = {isa = PBXFileReference; lastKnownFileType = folder.assetcatalog; path = "Preview Assets.xcassets"; sourceTree = "<group>"; };
		3458600C2C17A7BC002CD9BD /* StyleList.swift */ = {isa = PBXFileReference; lastKnownFileType = sourcecode.swift; path = StyleList.swift; sourceTree = "<group>"; };
		3477265C2C052D19002CD707 /* MultiSelectionList.swift */ = {isa = PBXFileReference; lastKnownFileType = sourcecode.swift; path = MultiSelectionList.swift; sourceTree = "<group>"; };
		34FB7E162C1A5401009A9DB5 /* StyleListSimple.swift */ = {isa = PBXFileReference; lastKnownFileType = sourcecode.swift; path = StyleListSimple.swift; sourceTree = "<group>"; };
		34FD44A62C0E75B000977D9D /* AddItemOnList.swift */ = {isa = PBXFileReference; lastKnownFileType = sourcecode.swift; path = AddItemOnList.swift; sourceTree = "<group>"; };
		34FD44A82C110DD100977D9D /* DeleteItemList.swift */ = {isa = PBXFileReference; lastKnownFileType = sourcecode.swift; path = DeleteItemList.swift; sourceTree = "<group>"; };
		34FD44AA2C139D1700977D9D /* MoveItemList.swift */ = {isa = PBXFileReference; lastKnownFileType = sourcecode.swift; path = MoveItemList.swift; sourceTree = "<group>"; };
		34FD44AC2C13B04800977D9D /* EditItemList.swift */ = {isa = PBXFileReference; lastKnownFileType = sourcecode.swift; path = EditItemList.swift; sourceTree = "<group>"; };
/* End PBXFileReference section */

/* Begin PBXFrameworksBuildPhase section */
		345014362BF69F9500706EF5 /* Frameworks */ = {
			isa = PBXFrameworksBuildPhase;
			buildActionMask = 2147483647;
			files = (
			);
			runOnlyForDeploymentPostprocessing = 0;
		};
/* End PBXFrameworksBuildPhase section */

/* Begin PBXGroup section */
		345014302BF69F9500706EF5 = {
			isa = PBXGroup;
			children = (
				3450143B2BF69F9500706EF5 /* ListProject */,
				3450143A2BF69F9500706EF5 /* Products */,
			);
			sourceTree = "<group>";
		};
		3450143A2BF69F9500706EF5 /* Products */ = {
			isa = PBXGroup;
			children = (
				345014392BF69F9500706EF5 /* ListProject.app */,
			);
			name = Products;
			sourceTree = "<group>";
		};
		3450143B2BF69F9500706EF5 /* ListProject */ = {
			isa = PBXGroup;
			children = (
				3450143C2BF69F9500706EF5 /* ListProjectApp.swift */,
				3404E8652BFD400B0037E3E7 /* DinamicList.swift */,
				3450143E2BF69F9500706EF5 /* ContentView.swift */,
				3404E8672BFFD0B10037E3E7 /* SelectionList.swift */,
				3404E86B2BFFDF1C0037E3E7 /* SelectionSingleList.swift */,
				3404E8692BFFD8740037E3E7 /* SelectionListSection.swift */,
				3477265C2C052D19002CD707 /* MultiSelectionList.swift */,
				34FD44A62C0E75B000977D9D /* AddItemOnList.swift */,
				34FD44A82C110DD100977D9D /* DeleteItemList.swift */,
				34FD44AC2C13B04800977D9D /* EditItemList.swift */,
				34FD44AA2C139D1700977D9D /* MoveItemList.swift */,
				3458600C2C17A7BC002CD9BD /* StyleList.swift */,
				34FB7E162C1A5401009A9DB5 /* StyleListSimple.swift */,
				345014402BF69F9600706EF5 /* Assets.xcassets */,
				345014422BF69F9600706EF5 /* Preview Content */,
			);
			path = ListProject;
			sourceTree = "<group>";
		};
		345014422BF69F9600706EF5 /* Preview Content */ = {
			isa = PBXGroup;
			children = (
				345014432BF69F9600706EF5 /* Preview Assets.xcassets */,
			);
			path = "Preview Content";
			sourceTree = "<group>";
		};
/* End PBXGroup section */

/* Begin PBXNativeTarget section */
		345014382BF69F9500706EF5 /* ListProject */ = {
			isa = PBXNativeTarget;
			buildConfigurationList = 345014472BF69F9600706EF5 /* Build configuration list for PBXNativeTarget "ListProject" */;
			buildPhases = (
				345014352BF69F9500706EF5 /* Sources */,
				345014362BF69F9500706EF5 /* Frameworks */,
				345014372BF69F9500706EF5 /* Resources */,
			);
			buildRules = (
			);
			dependencies = (
			);
			name = ListProject;
			productName = ListProject;
			productReference = 345014392BF69F9500706EF5 /* ListProject.app */;
			productType = "com.apple.product-type.application";
		};
/* End PBXNativeTarget section */

/* Begin PBXProject section */
		345014312BF69F9500706EF5 /* Project object */ = {
			isa = PBXProject;
			attributes = {
				BuildIndependentTargetsInParallel = 1;
				LastSwiftUpdateCheck = 1530;
				LastUpgradeCheck = 1530;
				TargetAttributes = {
					345014382BF69F9500706EF5 = {
						CreatedOnToolsVersion = 15.3;
					};
				};
			};
			buildConfigurationList = 345014342BF69F9500706EF5 /* Build configuration list for PBXProject "ListProject" */;
			compatibilityVersion = "Xcode 14.0";
			developmentRegion = en;
			hasScannedForEncodings = 0;
			knownRegions = (
				en,
				Base,
			);
			mainGroup = 345014302BF69F9500706EF5;
			productRefGroup = 3450143A2BF69F9500706EF5 /* Products */;
			projectDirPath = "";
			projectRoot = "";
			targets = (
				345014382BF69F9500706EF5 /* ListProject */,
			);
		};
/* End PBXProject section */

/* Begin PBXResourcesBuildPhase section */
		345014372BF69F9500706EF5 /* Resources */ = {
			isa = PBXResourcesBuildPhase;
			buildActionMask = 2147483647;
			files = (
				345014442BF69F9600706EF5 /* Preview Assets.xcassets in Resources */,
				345014412BF69F9600706EF5 /* Assets.xcassets in Resources */,
			);
			runOnlyForDeploymentPostprocessing = 0;
		};
/* End PBXResourcesBuildPhase section */

/* Begin PBXSourcesBuildPhase section */
		345014352BF69F9500706EF5 /* Sources */ = {
			isa = PBXSourcesBuildPhase;
			buildActionMask = 2147483647;
			files = (
				3404E86A2BFFD8740037E3E7 /* SelectionListSection.swift in Sources */,
				3404E8682BFFD0B10037E3E7 /* SelectionList.swift in Sources */,
				3450143F2BF69F9500706EF5 /* ContentView.swift in Sources */,
				3458600D2C17A7BC002CD9BD /* StyleList.swift in Sources */,
				34FD44A92C110DD100977D9D /* DeleteItemList.swift in Sources */,
				34FD44AB2C139D1700977D9D /* MoveItemList.swift in Sources */,
				3404E8662BFD400B0037E3E7 /* DinamicList.swift in Sources */,
				3477265D2C052D19002CD707 /* MultiSelectionList.swift in Sources */,
				34FB7E172C1A5401009A9DB5 /* StyleListSimple.swift in Sources */,
				34FD44AD2C13B04800977D9D /* EditItemList.swift in Sources */,
				3404E86C2BFFDF1C0037E3E7 /* SelectionSingleList.swift in Sources */,
				3450143D2BF69F9500706EF5 /* ListProjectApp.swift in Sources */,
				34FD44A72C0E75B000977D9D /* AddItemOnList.swift in Sources */,
			);
			runOnlyForDeploymentPostprocessing = 0;
		};
/* End PBXSourcesBuildPhase section */

/* Begin XCBuildConfiguration section */
		345014452BF69F9600706EF5 /* Debug */ = {
			isa = XCBuildConfiguration;
			buildSettings = {
				ALWAYS_SEARCH_USER_PATHS = NO;
				ASSETCATALOG_COMPILER_GENERATE_SWIFT_ASSET_SYMBOL_EXTENSIONS = YES;
				CLANG_ANALYZER_NONNULL = YES;
				CLANG_ANALYZER_NUMBER_OBJECT_CONVERSION = YES_AGGRESSIVE;
				CLANG_CXX_LANGUAGE_STANDARD = "gnu++20";
				CLANG_ENABLE_MODULES = YES;
				CLANG_ENABLE_OBJC_ARC = YES;
				CLANG_ENABLE_OBJC_WEAK = YES;
				CLANG_WARN_BLOCK_CAPTURE_AUTORELEASING = YES;
				CLANG_WARN_BOOL_CONVERSION = YES;
				CLANG_WARN_COMMA = YES;
				CLANG_WARN_CONSTANT_CONVERSION = YES;
				CLANG_WARN_DEPRECATED_OBJC_IMPLEMENTATIONS = YES;
				CLANG_WARN_DIRECT_OBJC_ISA_USAGE = YES_ERROR;
				CLANG_WARN_DOCUMENTATION_COMMENTS = YES;
				CLANG_WARN_EMPTY_BODY = YES;
				CLANG_WARN_ENUM_CONVERSION = YES;
				CLANG_WARN_INFINITE_RECURSION = YES;
				CLANG_WARN_INT_CONVERSION = YES;
				CLANG_WARN_NON_LITERAL_NULL_CONVERSION = YES;
				CLANG_WARN_OBJC_IMPLICIT_RETAIN_SELF = YES;
				CLANG_WARN_OBJC_LITERAL_CONVERSION = YES;
				CLANG_WARN_OBJC_ROOT_CLASS = YES_ERROR;
				CLANG_WARN_QUOTED_INCLUDE_IN_FRAMEWORK_HEADER = YES;
				CLANG_WARN_RANGE_LOOP_ANALYSIS = YES;
				CLANG_WARN_STRICT_PROTOTYPES = YES;
				CLANG_WARN_SUSPICIOUS_MOVE = YES;
				CLANG_WARN_UNGUARDED_AVAILABILITY = YES_AGGRESSIVE;
				CLANG_WARN_UNREACHABLE_CODE = YES;
				CLANG_WARN__DUPLICATE_METHOD_MATCH = YES;
				COPY_PHASE_STRIP = NO;
				DEBUG_INFORMATION_FORMAT = dwarf;
				ENABLE_STRICT_OBJC_MSGSEND = YES;
				ENABLE_TESTABILITY = YES;
				ENABLE_USER_SCRIPT_SANDBOXING = YES;
				GCC_C_LANGUAGE_STANDARD = gnu17;
				GCC_DYNAMIC_NO_PIC = NO;
				GCC_NO_COMMON_BLOCKS = YES;
				GCC_OPTIMIZATION_LEVEL = 0;
				GCC_PREPROCESSOR_DEFINITIONS = (
					"DEBUG=1",
					"$(inherited)",
				);
				GCC_WARN_64_TO_32_BIT_CONVERSION = YES;
				GCC_WARN_ABOUT_RETURN_TYPE = YES_ERROR;
				GCC_WARN_UNDECLARED_SELECTOR = YES;
				GCC_WARN_UNINITIALIZED_AUTOS = YES_AGGRESSIVE;
				GCC_WARN_UNUSED_FUNCTION = YES;
				GCC_WARN_UNUSED_VARIABLE = YES;
				IPHONEOS_DEPLOYMENT_TARGET = 17.4;
				LOCALIZATION_PREFERS_STRING_CATALOGS = YES;
				MTL_ENABLE_DEBUG_INFO = INCLUDE_SOURCE;
				MTL_FAST_MATH = YES;
				ONLY_ACTIVE_ARCH = YES;
				SDKROOT = iphoneos;
				SWIFT_ACTIVE_COMPILATION_CONDITIONS = "DEBUG $(inherited)";
				SWIFT_OPTIMIZATION_LEVEL = "-Onone";
			};
			name = Debug;
		};
		345014462BF69F9600706EF5 /* Release */ = {
			isa = XCBuildConfiguration;
			buildSettings = {
				ALWAYS_SEARCH_USER_PATHS = NO;
				ASSETCATALOG_COMPILER_GENERATE_SWIFT_ASSET_SYMBOL_EXTENSIONS = YES;
				CLANG_ANALYZER_NONNULL = YES;
				CLANG_ANALYZER_NUMBER_OBJECT_CONVERSION = YES_AGGRESSIVE;
				CLANG_CXX_LANGUAGE_STANDARD = "gnu++20";
				CLANG_ENABLE_MODULES = YES;
				CLANG_ENABLE_OBJC_ARC = YES;
				CLANG_ENABLE_OBJC_WEAK = YES;
				CLANG_WARN_BLOCK_CAPTURE_AUTORELEASING = YES;
				CLANG_WARN_BOOL_CONVERSION = YES;
				CLANG_WARN_COMMA = YES;
				CLANG_WARN_CONSTANT_CONVERSION = YES;
				CLANG_WARN_DEPRECATED_OBJC_IMPLEMENTATIONS = YES;
				CLANG_WARN_DIRECT_OBJC_ISA_USAGE = YES_ERROR;
				CLANG_WARN_DOCUMENTATION_COMMENTS = YES;
				CLANG_WARN_EMPTY_BODY = YES;
				CLANG_WARN_ENUM_CONVERSION = YES;
				CLANG_WARN_INFINITE_RECURSION = YES;
				CLANG_WARN_INT_CONVERSION = YES;
				CLANG_WARN_NON_LITERAL_NULL_CONVERSION = YES;
				CLANG_WARN_OBJC_IMPLICIT_RETAIN_SELF = YES;
				CLANG_WARN_OBJC_LITERAL_CONVERSION = YES;
				CLANG_WARN_OBJC_ROOT_CLASS = YES_ERROR;
				CLANG_WARN_QUOTED_INCLUDE_IN_FRAMEWORK_HEADER = YES;
				CLANG_WARN_RANGE_LOOP_ANALYSIS = YES;
				CLANG_WARN_STRICT_PROTOTYPES = YES;
				CLANG_WARN_SUSPICIOUS_MOVE = YES;
				CLANG_WARN_UNGUARDED_AVAILABILITY = YES_AGGRESSIVE;
				CLANG_WARN_UNREACHABLE_CODE = YES;
				CLANG_WARN__DUPLICATE_METHOD_MATCH = YES;
				COPY_PHASE_STRIP = NO;
				DEBUG_INFORMATION_FORMAT = "dwarf-with-dsym";
				ENABLE_NS_ASSERTIONS = NO;
				ENABLE_STRICT_OBJC_MSGSEND = YES;
				ENABLE_USER_SCRIPT_SANDBOXING = YES;
				GCC_C_LANGUAGE_STANDARD = gnu17;
				GCC_NO_COMMON_BLOCKS = YES;
				GCC_WARN_64_TO_32_BIT_CONVERSION = YES;
				GCC_WARN_ABOUT_RETURN_TYPE = YES_ERROR;
				GCC_WARN_UNDECLARED_SELECTOR = YES;
				GCC_WARN_UNINITIALIZED_AUTOS = YES_AGGRESSIVE;
				GCC_WARN_UNUSED_FUNCTION = YES;
				GCC_WARN_UNUSED_VARIABLE = YES;
				IPHONEOS_DEPLOYMENT_TARGET = 17.4;
				LOCALIZATION_PREFERS_STRING_CATALOGS = YES;
				MTL_ENABLE_DEBUG_INFO = NO;
				MTL_FAST_MATH = YES;
				SDKROOT = iphoneos;
				SWIFT_COMPILATION_MODE = wholemodule;
				VALIDATE_PRODUCT = YES;
			};
			name = Release;
		};
		345014482BF69F9600706EF5 /* Debug */ = {
			isa = XCBuildConfiguration;
			buildSettings = {
				ASSETCATALOG_COMPILER_APPICON_NAME = AppIcon;
				ASSETCATALOG_COMPILER_GLOBAL_ACCENT_COLOR_NAME = AccentColor;
				CODE_SIGN_STYLE = Automatic;
				CURRENT_PROJECT_VERSION = 1;
				DEVELOPMENT_ASSET_PATHS = "\"ListProject/Preview Content\"";
				DEVELOPMENT_TEAM = MT4A7M75NC;
				ENABLE_PREVIEWS = YES;
				GENERATE_INFOPLIST_FILE = YES;
				INFOPLIST_KEY_UIApplicationSceneManifest_Generation = YES;
				INFOPLIST_KEY_UIApplicationSupportsIndirectInputEvents = YES;
				INFOPLIST_KEY_UILaunchScreen_Generation = YES;
				INFOPLIST_KEY_UISupportedInterfaceOrientations_iPad = "UIInterfaceOrientationPortrait UIInterfaceOrientationPortraitUpsideDown UIInterfaceOrientationLandscapeLeft UIInterfaceOrientationLandscapeRight";
				INFOPLIST_KEY_UISupportedInterfaceOrientations_iPhone = "UIInterfaceOrientationPortrait UIInterfaceOrientationLandscapeLeft UIInterfaceOrientationLandscapeRight";
				LD_RUNPATH_SEARCH_PATHS = (
					"$(inherited)",
					"@executable_path/Frameworks",
				);
				MARKETING_VERSION = 1.0;
				PRODUCT_BUNDLE_IDENTIFIER = UIKitAnimation.ListProject;
				PRODUCT_NAME = "$(TARGET_NAME)";
				SWIFT_EMIT_LOC_STRINGS = YES;
				SWIFT_VERSION = 5.0;
				TARGETED_DEVICE_FAMILY = "1,2";
			};
			name = Debug;
		};
		345014492BF69F9600706EF5 /* Release */ = {
			isa = XCBuildConfiguration;
			buildSettings = {
				ASSETCATALOG_COMPILER_APPICON_NAME = AppIcon;
				ASSETCATALOG_COMPILER_GLOBAL_ACCENT_COLOR_NAME = AccentColor;
				CODE_SIGN_STYLE = Automatic;
				CURRENT_PROJECT_VERSION = 1;
				DEVELOPMENT_ASSET_PATHS = "\"ListProject/Preview Content\"";
				DEVELOPMENT_TEAM = MT4A7M75NC;
				ENABLE_PREVIEWS = YES;
				GENERATE_INFOPLIST_FILE = YES;
				INFOPLIST_KEY_UIApplicationSceneManifest_Generation = YES;
				INFOPLIST_KEY_UIApplicationSupportsIndirectInputEvents = YES;
				INFOPLIST_KEY_UILaunchScreen_Generation = YES;
				INFOPLIST_KEY_UISupportedInterfaceOrientations_iPad = "UIInterfaceOrientationPortrait UIInterfaceOrientationPortraitUpsideDown UIInterfaceOrientationLandscapeLeft UIInterfaceOrientationLandscapeRight";
				INFOPLIST_KEY_UISupportedInterfaceOrientations_iPhone = "UIInterfaceOrientationPortrait UIInterfaceOrientationLandscapeLeft UIInterfaceOrientationLandscapeRight";
				LD_RUNPATH_SEARCH_PATHS = (
					"$(inherited)",
					"@executable_path/Frameworks",
				);
				MARKETING_VERSION = 1.0;
				PRODUCT_BUNDLE_IDENTIFIER = UIKitAnimation.ListProject;
				PRODUCT_NAME = "$(TARGET_NAME)";
				SWIFT_EMIT_LOC_STRINGS = YES;
				SWIFT_VERSION = 5.0;
				TARGETED_DEVICE_FAMILY = "1,2";
			};
			name = Release;
		};
/* End XCBuildConfiguration section */

/* Begin XCConfigurationList section */
		345014342BF69F9500706EF5 /* Build configuration list for PBXProject "ListProject" */ = {
			isa = XCConfigurationList;
			buildConfigurations = (
				345014452BF69F9600706EF5 /* Debug */,
				345014462BF69F9600706EF5 /* Release */,
			);
			defaultConfigurationIsVisible = 0;
			defaultConfigurationName = Release;
		};
		345014472BF69F9600706EF5 /* Build configuration list for PBXNativeTarget "ListProject" */ = {
			isa = XCConfigurationList;
			buildConfigurations = (
				345014482BF69F9600706EF5 /* Debug */,
				345014492BF69F9600706EF5 /* Release */,
			);
			defaultConfigurationIsVisible = 0;
			defaultConfigurationName = Release;
		};
/* End XCConfigurationList section */
	};
	rootObject = 345014312BF69F9500706EF5 /* Project object */;
}
