// !$*UTF8*$!
{
	archiveVersion = 1;
	classes = {
	};
	objectVersion = 56;
	objects = {

/* Begin PBXBuildFile section */
		34E596B12BE04E670067EF6F /* UIKitAnimationApp.swift in Sources */ = {isa = PBXBuildFile; fileRef = 34E596B02BE04E670067EF6F /* UIKitAnimationApp.swift */; };
		34E596B32BE04E670067EF6F /* ContentView.swift in Sources */ = {isa = PBXBuildFile; fileRef = 34E596B22BE04E670067EF6F /* ContentView.swift */; };
		34E596B52BE04E680067EF6F /* Assets.xcassets in Resources */ = {isa = PBXBuildFile; fileRef = 34E596B42BE04E680067EF6F /* Assets.xcassets */; };
		34E596B82BE04E680067EF6F /* Preview Assets.xcassets in Resources */ = {isa = PBXBuildFile; fileRef = 34E596B72BE04E680067EF6F /* Preview Assets.xcassets */; };
		34E596BF2BE04E950067EF6F /* BaseAnimationViewController.swift in Sources */ = {isa = PBXBuildFile; fileRef = 34E596BE2BE04E950067EF6F /* BaseAnimationViewController.swift */; };
		34E596C22BE0662A0067EF6F /* AnimationView.swift in Sources */ = {isa = PBXBuildFile; fileRef = 34E596C12BE0662A0067EF6F /* AnimationView.swift */; };
		34E596C52BE066930067EF6F /* CircleView.swift in Sources */ = {isa = PBXBuildFile; fileRef = 34E596C42BE066930067EF6F /* CircleView.swift */; };
		34E596C72BE06BBE0067EF6F /* StackCircleView.swift in Sources */ = {isa = PBXBuildFile; fileRef = 34E596C62BE06BBE0067EF6F /* StackCircleView.swift */; };
		34E596C92BE15A7F0067EF6F /* ButtonUIView.swift in Sources */ = {isa = PBXBuildFile; fileRef = 34E596C82BE15A7F0067EF6F /* ButtonUIView.swift */; };
		34E596CB2BE16BF70067EF6F /* OptionsAnimationViewController.swift in Sources */ = {isa = PBXBuildFile; fileRef = 34E596CA2BE16BF70067EF6F /* OptionsAnimationViewController.swift */; };
		34E596CE2BE16D080067EF6F /* NavigationViewController.swift in Sources */ = {isa = PBXBuildFile; fileRef = 34E596CD2BE16D080067EF6F /* NavigationViewController.swift */; };
		34E596D02BE17D1A0067EF6F /* teste.swift in Sources */ = {isa = PBXBuildFile; fileRef = 34E596CF2BE17D1A0067EF6F /* teste.swift */; };
		34E596D22BE17E210067EF6F /* IntroductionAnimationViewController.swift in Sources */ = {isa = PBXBuildFile; fileRef = 34E596D12BE17E210067EF6F /* IntroductionAnimationViewController.swift */; };
		34E596D42BE18F320067EF6F /* CompletionAnimationController.swift in Sources */ = {isa = PBXBuildFile; fileRef = 34E596D32BE18F320067EF6F /* CompletionAnimationController.swift */; };
		34E596D62BE194B40067EF6F /* KeyFrameAnimationViewController.swift in Sources */ = {isa = PBXBuildFile; fileRef = 34E596D52BE194B40067EF6F /* KeyFrameAnimationViewController.swift */; };
		34E596D82BE43CDE0067EF6F /* TransitionAnimationViewController.swift in Sources */ = {isa = PBXBuildFile; fileRef = 34E596D72BE43CDE0067EF6F /* TransitionAnimationViewController.swift */; };
/* End PBXBuildFile section */

/* Begin PBXFileReference section */
		34E596AD2BE04E670067EF6F /* UIKitAnimation.app */ = {isa = PBXFileReference; explicitFileType = wrapper.application; includeInIndex = 0; path = UIKitAnimation.app; sourceTree = BUILT_PRODUCTS_DIR; };
		34E596B02BE04E670067EF6F /* UIKitAnimationApp.swift */ = {isa = PBXFileReference; lastKnownFileType = sourcecode.swift; path = UIKitAnimationApp.swift; sourceTree = "<group>"; };
		34E596B22BE04E670067EF6F /* ContentView.swift */ = {isa = PBXFileReference; lastKnownFileType = sourcecode.swift; path = ContentView.swift; sourceTree = "<group>"; };
		34E596B42BE04E680067EF6F /* Assets.xcassets */ = {isa = PBXFileReference; lastKnownFileType = folder.assetcatalog; path = Assets.xcassets; sourceTree = "<group>"; };
		34E596B72BE04E680067EF6F /* Preview Assets.xcassets */ = {isa = PBXFileReference; lastKnownFileType = folder.assetcatalog; path = "Preview Assets.xcassets"; sourceTree = "<group>"; };
		34E596BE2BE04E950067EF6F /* BaseAnimationViewController.swift */ = {isa = PBXFileReference; lastKnownFileType = sourcecode.swift; path = BaseAnimationViewController.swift; sourceTree = "<group>"; };
		34E596C12BE0662A0067EF6F /* AnimationView.swift */ = {isa = PBXFileReference; lastKnownFileType = sourcecode.swift; path = AnimationView.swift; sourceTree = "<group>"; };
		34E596C42BE066930067EF6F /* CircleView.swift */ = {isa = PBXFileReference; lastKnownFileType = sourcecode.swift; path = CircleView.swift; sourceTree = "<group>"; };
		34E596C62BE06BBE0067EF6F /* StackCircleView.swift */ = {isa = PBXFileReference; lastKnownFileType = sourcecode.swift; path = StackCircleView.swift; sourceTree = "<group>"; };
		34E596C82BE15A7F0067EF6F /* ButtonUIView.swift */ = {isa = PBXFileReference; lastKnownFileType = sourcecode.swift; path = ButtonUIView.swift; sourceTree = "<group>"; };
		34E596CA2BE16BF70067EF6F /* OptionsAnimationViewController.swift */ = {isa = PBXFileReference; lastKnownFileType = sourcecode.swift; path = OptionsAnimationViewController.swift; sourceTree = "<group>"; };
		34E596CD2BE16D080067EF6F /* NavigationViewController.swift */ = {isa = PBXFileReference; lastKnownFileType = sourcecode.swift; path = NavigationViewController.swift; sourceTree = "<group>"; };
		34E596CF2BE17D1A0067EF6F /* teste.swift */ = {isa = PBXFileReference; lastKnownFileType = sourcecode.swift; path = teste.swift; sourceTree = "<group>"; };
		34E596D12BE17E210067EF6F /* IntroductionAnimationViewController.swift */ = {isa = PBXFileReference; lastKnownFileType = sourcecode.swift; path = IntroductionAnimationViewController.swift; sourceTree = "<group>"; };
		34E596D32BE18F320067EF6F /* CompletionAnimationController.swift */ = {isa = PBXFileReference; lastKnownFileType = sourcecode.swift; path = CompletionAnimationController.swift; sourceTree = "<group>"; };
		34E596D52BE194B40067EF6F /* KeyFrameAnimationViewController.swift */ = {isa = PBXFileReference; lastKnownFileType = sourcecode.swift; path = KeyFrameAnimationViewController.swift; sourceTree = "<group>"; };
		34E596D72BE43CDE0067EF6F /* TransitionAnimationViewController.swift */ = {isa = PBXFileReference; lastKnownFileType = sourcecode.swift; path = TransitionAnimationViewController.swift; sourceTree = "<group>"; };
/* End PBXFileReference section */

/* Begin PBXFrameworksBuildPhase section */
		34E596AA2BE04E670067EF6F /* Frameworks */ = {
			isa = PBXFrameworksBuildPhase;
			buildActionMask = 2147483647;
			files = (
			);
			runOnlyForDeploymentPostprocessing = 0;
		};
/* End PBXFrameworksBuildPhase section */

/* Begin PBXGroup section */
		34E596A42BE04E670067EF6F = {
			isa = PBXGroup;
			children = (
				34E596AF2BE04E670067EF6F /* UIKitAnimation */,
				34E596AE2BE04E670067EF6F /* Products */,
			);
			sourceTree = "<group>";
		};
		34E596AE2BE04E670067EF6F /* Products */ = {
			isa = PBXGroup;
			children = (
				34E596AD2BE04E670067EF6F /* UIKitAnimation.app */,
			);
			name = Products;
			sourceTree = "<group>";
		};
		34E596AF2BE04E670067EF6F /* UIKitAnimation */ = {
			isa = PBXGroup;
			children = (
				34E596CC2BE16C040067EF6F /* Views */,
				34E596C02BE066130067EF6F /* Utils */,
				34E596B02BE04E670067EF6F /* UIKitAnimationApp.swift */,
				34E596B22BE04E670067EF6F /* ContentView.swift */,
				34E596B42BE04E680067EF6F /* Assets.xcassets */,
				34E596B62BE04E680067EF6F /* Preview Content */,
			);
			path = UIKitAnimation;
			sourceTree = "<group>";
		};
		34E596B62BE04E680067EF6F /* Preview Content */ = {
			isa = PBXGroup;
			children = (
				34E596B72BE04E680067EF6F /* Preview Assets.xcassets */,
			);
			path = "Preview Content";
			sourceTree = "<group>";
		};
		34E596C02BE066130067EF6F /* Utils */ = {
			isa = PBXGroup;
			children = (
				34E596C12BE0662A0067EF6F /* AnimationView.swift */,
				34E596CD2BE16D080067EF6F /* NavigationViewController.swift */,
			);
			path = Utils;
			sourceTree = "<group>";
		};
		34E596C32BE066600067EF6F /* SubViews */ = {
			isa = PBXGroup;
			children = (
				34E596C42BE066930067EF6F /* CircleView.swift */,
				34E596C62BE06BBE0067EF6F /* StackCircleView.swift */,
				34E596C82BE15A7F0067EF6F /* ButtonUIView.swift */,
			);
			path = SubViews;
			sourceTree = "<group>";
		};
		34E596CC2BE16C040067EF6F /* Views */ = {
			isa = PBXGroup;
			children = (
				34E596BE2BE04E950067EF6F /* BaseAnimationViewController.swift */,
				34E596D12BE17E210067EF6F /* IntroductionAnimationViewController.swift */,
				34E596CA2BE16BF70067EF6F /* OptionsAnimationViewController.swift */,
				34E596D32BE18F320067EF6F /* CompletionAnimationController.swift */,
				34E596D52BE194B40067EF6F /* KeyFrameAnimationViewController.swift */,
				34E596D72BE43CDE0067EF6F /* TransitionAnimationViewController.swift */,
				34E596C32BE066600067EF6F /* SubViews */,
				34E596CF2BE17D1A0067EF6F /* teste.swift */,
			);
			path = Views;
			sourceTree = "<group>";
		};
/* End PBXGroup section */

/* Begin PBXNativeTarget section */
		34E596AC2BE04E670067EF6F /* UIKitAnimation */ = {
			isa = PBXNativeTarget;
			buildConfigurationList = 34E596BB2BE04E680067EF6F /* Build configuration list for PBXNativeTarget "UIKitAnimation" */;
			buildPhases = (
				34E596A92BE04E670067EF6F /* Sources */,
				34E596AA2BE04E670067EF6F /* Frameworks */,
				34E596AB2BE04E670067EF6F /* Resources */,
			);
			buildRules = (
			);
			dependencies = (
			);
			name = UIKitAnimation;
			productName = UIKitAnimation;
			productReference = 34E596AD2BE04E670067EF6F /* UIKitAnimation.app */;
			productType = "com.apple.product-type.application";
		};
/* End PBXNativeTarget section */

/* Begin PBXProject section */
		34E596A52BE04E670067EF6F /* Project object */ = {
			isa = PBXProject;
			attributes = {
				BuildIndependentTargetsInParallel = 1;
				LastSwiftUpdateCheck = 1530;
				LastUpgradeCheck = 1530;
				TargetAttributes = {
					34E596AC2BE04E670067EF6F = {
						CreatedOnToolsVersion = 15.3;
					};
				};
			};
			buildConfigurationList = 34E596A82BE04E670067EF6F /* Build configuration list for PBXProject "UIKitAnimation" */;
			compatibilityVersion = "Xcode 14.0";
			developmentRegion = en;
			hasScannedForEncodings = 0;
			knownRegions = (
				en,
				Base,
			);
			mainGroup = 34E596A42BE04E670067EF6F;
			productRefGroup = 34E596AE2BE04E670067EF6F /* Products */;
			projectDirPath = "";
			projectRoot = "";
			targets = (
				34E596AC2BE04E670067EF6F /* UIKitAnimation */,
			);
		};
/* End PBXProject section */

/* Begin PBXResourcesBuildPhase section */
		34E596AB2BE04E670067EF6F /* Resources */ = {
			isa = PBXResourcesBuildPhase;
			buildActionMask = 2147483647;
			files = (
				34E596B82BE04E680067EF6F /* Preview Assets.xcassets in Resources */,
				34E596B52BE04E680067EF6F /* Assets.xcassets in Resources */,
			);
			runOnlyForDeploymentPostprocessing = 0;
		};
/* End PBXResourcesBuildPhase section */

/* Begin PBXSourcesBuildPhase section */
		34E596A92BE04E670067EF6F /* Sources */ = {
			isa = PBXSourcesBuildPhase;
			buildActionMask = 2147483647;
			files = (
				34E596D82BE43CDE0067EF6F /* TransitionAnimationViewController.swift in Sources */,
				34E596D42BE18F320067EF6F /* CompletionAnimationController.swift in Sources */,
				34E596D22BE17E210067EF6F /* IntroductionAnimationViewController.swift in Sources */,
				34E596C52BE066930067EF6F /* CircleView.swift in Sources */,
				34E596C72BE06BBE0067EF6F /* StackCircleView.swift in Sources */,
				34E596BF2BE04E950067EF6F /* BaseAnimationViewController.swift in Sources */,
				34E596CB2BE16BF70067EF6F /* OptionsAnimationViewController.swift in Sources */,
				34E596CE2BE16D080067EF6F /* NavigationViewController.swift in Sources */,
				34E596D62BE194B40067EF6F /* KeyFrameAnimationViewController.swift in Sources */,
				34E596C92BE15A7F0067EF6F /* ButtonUIView.swift in Sources */,
				34E596C22BE0662A0067EF6F /* AnimationView.swift in Sources */,
				34E596D02BE17D1A0067EF6F /* teste.swift in Sources */,
				34E596B32BE04E670067EF6F /* ContentView.swift in Sources */,
				34E596B12BE04E670067EF6F /* UIKitAnimationApp.swift in Sources */,
			);
			runOnlyForDeploymentPostprocessing = 0;
		};
/* End PBXSourcesBuildPhase section */

/* Begin XCBuildConfiguration section */
		34E596B92BE04E680067EF6F /* Debug */ = {
			isa = XCBuildConfiguration;
			buildSettings = {
				ALWAYS_SEARCH_USER_PATHS = NO;
				ASSETCATALOG_COMPILER_GENERATE_SWIFT_ASSET_SYMBOL_EXTENSIONS = YES;
				CLANG_ANALYZER_NONNULL = YES;
				CLANG_ANALYZER_NUMBER_OBJECT_CONVERSION = YES_AGGRESSIVE;
				CLANG_CXX_LANGUAGE_STANDARD = "gnu++20";
				CLANG_ENABLE_MODULES = YES;
				CLANG_ENABLE_OBJC_ARC = YES;
				CLANG_ENABLE_OBJC_WEAK = YES;
				CLANG_WARN_BLOCK_CAPTURE_AUTORELEASING = YES;
				CLANG_WARN_BOOL_CONVERSION = YES;
				CLANG_WARN_COMMA = YES;
				CLANG_WARN_CONSTANT_CONVERSION = YES;
				CLANG_WARN_DEPRECATED_OBJC_IMPLEMENTATIONS = YES;
				CLANG_WARN_DIRECT_OBJC_ISA_USAGE = YES_ERROR;
				CLANG_WARN_DOCUMENTATION_COMMENTS = YES;
				CLANG_WARN_EMPTY_BODY = YES;
				CLANG_WARN_ENUM_CONVERSION = YES;
				CLANG_WARN_INFINITE_RECURSION = YES;
				CLANG_WARN_INT_CONVERSION = YES;
				CLANG_WARN_NON_LITERAL_NULL_CONVERSION = YES;
				CLANG_WARN_OBJC_IMPLICIT_RETAIN_SELF = YES;
				CLANG_WARN_OBJC_LITERAL_CONVERSION = YES;
				CLANG_WARN_OBJC_ROOT_CLASS = YES_ERROR;
				CLANG_WARN_QUOTED_INCLUDE_IN_FRAMEWORK_HEADER = YES;
				CLANG_WARN_RANGE_LOOP_ANALYSIS = YES;
				CLANG_WARN_STRICT_PROTOTYPES = YES;
				CLANG_WARN_SUSPICIOUS_MOVE = YES;
				CLANG_WARN_UNGUARDED_AVAILABILITY = YES_AGGRESSIVE;
				CLANG_WARN_UNREACHABLE_CODE = YES;
				CLANG_WARN__DUPLICATE_METHOD_MATCH = YES;
				COPY_PHASE_STRIP = NO;
				DEBUG_INFORMATION_FORMAT = dwarf;
				ENABLE_STRICT_OBJC_MSGSEND = YES;
				ENABLE_TESTABILITY = YES;
				ENABLE_USER_SCRIPT_SANDBOXING = YES;
				GCC_C_LANGUAGE_STANDARD = gnu17;
				GCC_DYNAMIC_NO_PIC = NO;
				GCC_NO_COMMON_BLOCKS = YES;
				GCC_OPTIMIZATION_LEVEL = 0;
				GCC_PREPROCESSOR_DEFINITIONS = (
					"DEBUG=1",
					"$(inherited)",
				);
				GCC_WARN_64_TO_32_BIT_CONVERSION = YES;
				GCC_WARN_ABOUT_RETURN_TYPE = YES_ERROR;
				GCC_WARN_UNDECLARED_SELECTOR = YES;
				GCC_WARN_UNINITIALIZED_AUTOS = YES_AGGRESSIVE;
				GCC_WARN_UNUSED_FUNCTION = YES;
				GCC_WARN_UNUSED_VARIABLE = YES;
				IPHONEOS_DEPLOYMENT_TARGET = 17.4;
				LOCALIZATION_PREFERS_STRING_CATALOGS = YES;
				MTL_ENABLE_DEBUG_INFO = INCLUDE_SOURCE;
				MTL_FAST_MATH = YES;
				ONLY_ACTIVE_ARCH = YES;
				SDKROOT = iphoneos;
				SWIFT_ACTIVE_COMPILATION_CONDITIONS = "DEBUG $(inherited)";
				SWIFT_OPTIMIZATION_LEVEL = "-Onone";
			};
			name = Debug;
		};
		34E596BA2BE04E680067EF6F /* Release */ = {
			isa = XCBuildConfiguration;
			buildSettings = {
				ALWAYS_SEARCH_USER_PATHS = NO;
				ASSETCATALOG_COMPILER_GENERATE_SWIFT_ASSET_SYMBOL_EXTENSIONS = YES;
				CLANG_ANALYZER_NONNULL = YES;
				CLANG_ANALYZER_NUMBER_OBJECT_CONVERSION = YES_AGGRESSIVE;
				CLANG_CXX_LANGUAGE_STANDARD = "gnu++20";
				CLANG_ENABLE_MODULES = YES;
				CLANG_ENABLE_OBJC_ARC = YES;
				CLANG_ENABLE_OBJC_WEAK = YES;
				CLANG_WARN_BLOCK_CAPTURE_AUTORELEASING = YES;
				CLANG_WARN_BOOL_CONVERSION = YES;
				CLANG_WARN_COMMA = YES;
				CLANG_WARN_CONSTANT_CONVERSION = YES;
				CLANG_WARN_DEPRECATED_OBJC_IMPLEMENTATIONS = YES;
				CLANG_WARN_DIRECT_OBJC_ISA_USAGE = YES_ERROR;
				CLANG_WARN_DOCUMENTATION_COMMENTS = YES;
				CLANG_WARN_EMPTY_BODY = YES;
				CLANG_WARN_ENUM_CONVERSION = YES;
				CLANG_WARN_INFINITE_RECURSION = YES;
				CLANG_WARN_INT_CONVERSION = YES;
				CLANG_WARN_NON_LITERAL_NULL_CONVERSION = YES;
				CLANG_WARN_OBJC_IMPLICIT_RETAIN_SELF = YES;
				CLANG_WARN_OBJC_LITERAL_CONVERSION = YES;
				CLANG_WARN_OBJC_ROOT_CLASS = YES_ERROR;
				CLANG_WARN_QUOTED_INCLUDE_IN_FRAMEWORK_HEADER = YES;
				CLANG_WARN_RANGE_LOOP_ANALYSIS = YES;
				CLANG_WARN_STRICT_PROTOTYPES = YES;
				CLANG_WARN_SUSPICIOUS_MOVE = YES;
				CLANG_WARN_UNGUARDED_AVAILABILITY = YES_AGGRESSIVE;
				CLANG_WARN_UNREACHABLE_CODE = YES;
				CLANG_WARN__DUPLICATE_METHOD_MATCH = YES;
				COPY_PHASE_STRIP = NO;
				DEBUG_INFORMATION_FORMAT = "dwarf-with-dsym";
				ENABLE_NS_ASSERTIONS = NO;
				ENABLE_STRICT_OBJC_MSGSEND = YES;
				ENABLE_USER_SCRIPT_SANDBOXING = YES;
				GCC_C_LANGUAGE_STANDARD = gnu17;
				GCC_NO_COMMON_BLOCKS = YES;
				GCC_WARN_64_TO_32_BIT_CONVERSION = YES;
				GCC_WARN_ABOUT_RETURN_TYPE = YES_ERROR;
				GCC_WARN_UNDECLARED_SELECTOR = YES;
				GCC_WARN_UNINITIALIZED_AUTOS = YES_AGGRESSIVE;
				GCC_WARN_UNUSED_FUNCTION = YES;
				GCC_WARN_UNUSED_VARIABLE = YES;
				IPHONEOS_DEPLOYMENT_TARGET = 17.4;
				LOCALIZATION_PREFERS_STRING_CATALOGS = YES;
				MTL_ENABLE_DEBUG_INFO = NO;
				MTL_FAST_MATH = YES;
				SDKROOT = iphoneos;
				SWIFT_COMPILATION_MODE = wholemodule;
				VALIDATE_PRODUCT = YES;
			};
			name = Release;
		};
		34E596BC2BE04E680067EF6F /* Debug */ = {
			isa = XCBuildConfiguration;
			buildSettings = {
				ASSETCATALOG_COMPILER_APPICON_NAME = AppIcon;
				ASSETCATALOG_COMPILER_GLOBAL_ACCENT_COLOR_NAME = AccentColor;
				CODE_SIGN_STYLE = Automatic;
				CURRENT_PROJECT_VERSION = 1;
				DEVELOPMENT_ASSET_PATHS = "\"UIKitAnimation/Preview Content\"";
				DEVELOPMENT_TEAM = MT4A7M75NC;
				ENABLE_PREVIEWS = YES;
				GENERATE_INFOPLIST_FILE = YES;
				INFOPLIST_KEY_UIApplicationSceneManifest_Generation = YES;
				INFOPLIST_KEY_UIApplicationSupportsIndirectInputEvents = YES;
				INFOPLIST_KEY_UILaunchScreen_Generation = YES;
				INFOPLIST_KEY_UISupportedInterfaceOrientations_iPad = "UIInterfaceOrientationPortrait UIInterfaceOrientationPortraitUpsideDown UIInterfaceOrientationLandscapeLeft UIInterfaceOrientationLandscapeRight";
				INFOPLIST_KEY_UISupportedInterfaceOrientations_iPhone = "UIInterfaceOrientationPortrait UIInterfaceOrientationLandscapeLeft UIInterfaceOrientationLandscapeRight";
				LD_RUNPATH_SEARCH_PATHS = (
					"$(inherited)",
					"@executable_path/Frameworks",
				);
				MARKETING_VERSION = 1.0;
				PRODUCT_BUNDLE_IDENTIFIER = UIKitAnimation.UIKitAnimation;
				PRODUCT_NAME = "$(TARGET_NAME)";
				SWIFT_EMIT_LOC_STRINGS = YES;
				SWIFT_VERSION = 5.0;
				TARGETED_DEVICE_FAMILY = "1,2";
			};
			name = Debug;
		};
		34E596BD2BE04E680067EF6F /* Release */ = {
			isa = XCBuildConfiguration;
			buildSettings = {
				ASSETCATALOG_COMPILER_APPICON_NAME = AppIcon;
				ASSETCATALOG_COMPILER_GLOBAL_ACCENT_COLOR_NAME = AccentColor;
				CODE_SIGN_STYLE = Automatic;
				CURRENT_PROJECT_VERSION = 1;
				DEVELOPMENT_ASSET_PATHS = "\"UIKitAnimation/Preview Content\"";
				DEVELOPMENT_TEAM = MT4A7M75NC;
				ENABLE_PREVIEWS = YES;
				GENERATE_INFOPLIST_FILE = YES;
				INFOPLIST_KEY_UIApplicationSceneManifest_Generation = YES;
				INFOPLIST_KEY_UIApplicationSupportsIndirectInputEvents = YES;
				INFOPLIST_KEY_UILaunchScreen_Generation = YES;
				INFOPLIST_KEY_UISupportedInterfaceOrientations_iPad = "UIInterfaceOrientationPortrait UIInterfaceOrientationPortraitUpsideDown UIInterfaceOrientationLandscapeLeft UIInterfaceOrientationLandscapeRight";
				INFOPLIST_KEY_UISupportedInterfaceOrientations_iPhone = "UIInterfaceOrientationPortrait UIInterfaceOrientationLandscapeLeft UIInterfaceOrientationLandscapeRight";
				LD_RUNPATH_SEARCH_PATHS = (
					"$(inherited)",
					"@executable_path/Frameworks",
				);
				MARKETING_VERSION = 1.0;
				PRODUCT_BUNDLE_IDENTIFIER = UIKitAnimation.UIKitAnimation;
				PRODUCT_NAME = "$(TARGET_NAME)";
				SWIFT_EMIT_LOC_STRINGS = YES;
				SWIFT_VERSION = 5.0;
				TARGETED_DEVICE_FAMILY = "1,2";
			};
			name = Release;
		};
/* End XCBuildConfiguration section */

/* Begin XCConfigurationList section */
		34E596A82BE04E670067EF6F /* Build configuration list for PBXProject "UIKitAnimation" */ = {
			isa = XCConfigurationList;
			buildConfigurations = (
				34E596B92BE04E680067EF6F /* Debug */,
				34E596BA2BE04E680067EF6F /* Release */,
			);
			defaultConfigurationIsVisible = 0;
			defaultConfigurationName = Release;
		};
		34E596BB2BE04E680067EF6F /* Build configuration list for PBXNativeTarget "UIKitAnimation" */ = {
			isa = XCConfigurationList;
			buildConfigurations = (
				34E596BC2BE04E680067EF6F /* Debug */,
				34E596BD2BE04E680067EF6F /* Release */,
			);
			defaultConfigurationIsVisible = 0;
			defaultConfigurationName = Release;
		};
/* End XCConfigurationList section */
	};
	rootObject = 34E596A52BE04E670067EF6F /* Project object */;
}
